// !$*UTF8*$!
{
	archiveVersion = 1;
	classes = {
	};
	objectVersion = 55;
	objects = {

/* Begin PBXBuildFile section */
		DFDAFEEF27894FD300B3BB34 /* AppDelegate.swift in Sources */ = {isa = PBXBuildFile; fileRef = DFDAFEEE27894FD300B3BB34 /* AppDelegate.swift */; };
		DFDAFEF127894FD300B3BB34 /* SceneDelegate.swift in Sources */ = {isa = PBXBuildFile; fileRef = DFDAFEF027894FD300B3BB34 /* SceneDelegate.swift */; };
		DFDAFEF327894FD300B3BB34 /* ViewController.swift in Sources */ = {isa = PBXBuildFile; fileRef = DFDAFEF227894FD300B3BB34 /* ViewController.swift */; };
		DFDAFEF627894FD300B3BB34 /* Main.storyboard in Resources */ = {isa = PBXBuildFile; fileRef = DFDAFEF427894FD300B3BB34 /* Main.storyboard */; };
		DFDAFEF827894FD300B3BB34 /* Assets.xcassets in Resources */ = {isa = PBXBuildFile; fileRef = DFDAFEF727894FD300B3BB34 /* Assets.xcassets */; };
		DFDAFEFB27894FD300B3BB34 /* LaunchScreen.storyboard in Resources */ = {isa = PBXBuildFile; fileRef = DFDAFEF927894FD300B3BB34 /* LaunchScreen.storyboard */; };
		DFDAFF0627894FD400B3BB34 /* I_am_RichTests.swift in Sources */ = {isa = PBXBuildFile; fileRef = DFDAFF0527894FD400B3BB34 /* I_am_RichTests.swift */; };
		DFDAFF1027894FD400B3BB34 /* I_am_RichUITests.swift in Sources */ = {isa = PBXBuildFile; fileRef = DFDAFF0F27894FD400B3BB34 /* I_am_RichUITests.swift */; };
		DFDAFF1227894FD400B3BB34 /* I_am_RichUITestsLaunchTests.swift in Sources */ = {isa = PBXBuildFile; fileRef = DFDAFF1127894FD400B3BB34 /* I_am_RichUITestsLaunchTests.swift */; };
/* End PBXBuildFile section */

/* Begin PBXContainerItemProxy section */
		DFDAFF0227894FD400B3BB34 /* PBXContainerItemProxy */ = {
			isa = PBXContainerItemProxy;
			containerPortal = DFDAFEE327894FD300B3BB34 /* Project object */;
			proxyType = 1;
			remoteGlobalIDString = DFDAFEEA27894FD300B3BB34;
			remoteInfo = "I am Rich";
		};
		DFDAFF0C27894FD400B3BB34 /* PBXContainerItemProxy */ = {
			isa = PBXContainerItemProxy;
			containerPortal = DFDAFEE327894FD300B3BB34 /* Project object */;
			proxyType = 1;
			remoteGlobalIDString = DFDAFEEA27894FD300B3BB34;
			remoteInfo = "I am Rich";
		};
/* End PBXContainerItemProxy section */

/* Begin PBXFileReference section */
		DFDAFEEB27894FD300B3BB34 /* I am Rich.app */ = {isa = PBXFileReference; explicitFileType = wrapper.application; includeInIndex = 0; path = "I am Rich.app"; sourceTree = BUILT_PRODUCTS_DIR; };
		DFDAFEEE27894FD300B3BB34 /* AppDelegate.swift */ = {isa = PBXFileReference; lastKnownFileType = sourcecode.swift; path = AppDelegate.swift; sourceTree = "<group>"; };
		DFDAFEF027894FD300B3BB34 /* SceneDelegate.swift */ = {isa = PBXFileReference; lastKnownFileType = sourcecode.swift; path = SceneDelegate.swift; sourceTree = "<group>"; };
		DFDAFEF227894FD300B3BB34 /* ViewController.swift */ = {isa = PBXFileReference; lastKnownFileType = sourcecode.swift; path = ViewController.swift; sourceTree = "<group>"; };
		DFDAFEF527894FD300B3BB34 /* Base */ = {isa = PBXFileReference; lastKnownFileType = file.storyboard; name = Base; path = Base.lproj/Main.storyboard; sourceTree = "<group>"; };
		DFDAFEF727894FD300B3BB34 /* Assets.xcassets */ = {isa = PBXFileReference; lastKnownFileType = folder.assetcatalog; path = Assets.xcassets; sourceTree = "<group>"; };
		DFDAFEFA27894FD300B3BB34 /* Base */ = {isa = PBXFileReference; lastKnownFileType = file.storyboard; name = Base; path = Base.lproj/LaunchScreen.storyboard; sourceTree = "<group>"; };
		DFDAFEFC27894FD300B3BB34 /* Info.plist */ = {isa = PBXFileReference; lastKnownFileType = text.plist.xml; path = Info.plist; sourceTree = "<group>"; };
		DFDAFF0127894FD400B3BB34 /* I am RichTests.xctest */ = {isa = PBXFileReference; explicitFileType = wrapper.cfbundle; includeInIndex = 0; path = "I am RichTests.xctest"; sourceTree = BUILT_PRODUCTS_DIR; };
		DFDAFF0527894FD400B3BB34 /* I_am_RichTests.swift */ = {isa = PBXFileReference; lastKnownFileType = sourcecode.swift; path = I_am_RichTests.swift; sourceTree = "<group>"; };
		DFDAFF0B27894FD400B3BB34 /* I am RichUITests.xctest */ = {isa = PBXFileReference; explicitFileType = wrapper.cfbundle; includeInIndex = 0; path = "I am RichUITests.xctest"; sourceTree = BUILT_PRODUCTS_DIR; };
		DFDAFF0F27894FD400B3BB34 /* I_am_RichUITests.swift */ = {isa = PBXFileReference; lastKnownFileType = sourcecode.swift; path = I_am_RichUITests.swift; sourceTree = "<group>"; };
		DFDAFF1127894FD400B3BB34 /* I_am_RichUITestsLaunchTests.swift */ = {isa = PBXFileReference; lastKnownFileType = sourcecode.swift; path = I_am_RichUITestsLaunchTests.swift; sourceTree = "<group>"; };
/* End PBXFileReference section */

/* Begin PBXFrameworksBuildPhase section */
		DFDAFEE827894FD300B3BB34 /* Frameworks */ = {
			isa = PBXFrameworksBuildPhase;
			buildActionMask = 2147483647;
			files = (
			);
			runOnlyForDeploymentPostprocessing = 0;
		};
		DFDAFEFE27894FD400B3BB34 /* Frameworks */ = {
			isa = PBXFrameworksBuildPhase;
			buildActionMask = 2147483647;
			files = (
			);
			runOnlyForDeploymentPostprocessing = 0;
		};
		DFDAFF0827894FD400B3BB34 /* Frameworks */ = {
			isa = PBXFrameworksBuildPhase;
			buildActionMask = 2147483647;
			files = (
			);
			runOnlyForDeploymentPostprocessing = 0;
		};
/* End PBXFrameworksBuildPhase section */

/* Begin PBXGroup section */
		DFDAFEE227894FD300B3BB34 = {
			isa = PBXGroup;
			children = (
				DFDAFEED27894FD300B3BB34 /* I am Rich */,
				DFDAFF0427894FD400B3BB34 /* I am RichTests */,
				DFDAFF0E27894FD400B3BB34 /* I am RichUITests */,
				DFDAFEEC27894FD300B3BB34 /* Products */,
			);
			sourceTree = "<group>";
		};
		DFDAFEEC27894FD300B3BB34 /* Products */ = {
			isa = PBXGroup;
			children = (
				DFDAFEEB27894FD300B3BB34 /* I am Rich.app */,
				DFDAFF0127894FD400B3BB34 /* I am RichTests.xctest */,
				DFDAFF0B27894FD400B3BB34 /* I am RichUITests.xctest */,
			);
			name = Products;
			sourceTree = "<group>";
		};
		DFDAFEED27894FD300B3BB34 /* I am Rich */ = {
			isa = PBXGroup;
			children = (
				DFDAFEEE27894FD300B3BB34 /* AppDelegate.swift */,
				DFDAFEF027894FD300B3BB34 /* SceneDelegate.swift */,
				DFDAFEF227894FD300B3BB34 /* ViewController.swift */,
				DFDAFEF427894FD300B3BB34 /* Main.storyboard */,
				DFDAFEF727894FD300B3BB34 /* Assets.xcassets */,
				DFDAFEF927894FD300B3BB34 /* LaunchScreen.storyboard */,
				DFDAFEFC27894FD300B3BB34 /* Info.plist */,
			);
			path = "I am Rich";
			sourceTree = "<group>";
		};
		DFDAFF0427894FD400B3BB34 /* I am RichTests */ = {
			isa = PBXGroup;
			children = (
				DFDAFF0527894FD400B3BB34 /* I_am_RichTests.swift */,
			);
			path = "I am RichTests";
			sourceTree = "<group>";
		};
		DFDAFF0E27894FD400B3BB34 /* I am RichUITests */ = {
			isa = PBXGroup;
			children = (
				DFDAFF0F27894FD400B3BB34 /* I_am_RichUITests.swift */,
				DFDAFF1127894FD400B3BB34 /* I_am_RichUITestsLaunchTests.swift */,
			);
			path = "I am RichUITests";
			sourceTree = "<group>";
		};
/* End PBXGroup section */

/* Begin PBXNativeTarget section */
		DFDAFEEA27894FD300B3BB34 /* I am Rich */ = {
			isa = PBXNativeTarget;
			buildConfigurationList = DFDAFF1527894FD400B3BB34 /* Build configuration list for PBXNativeTarget "I am Rich" */;
			buildPhases = (
				DFDAFEE727894FD300B3BB34 /* Sources */,
				DFDAFEE827894FD300B3BB34 /* Frameworks */,
				DFDAFEE927894FD300B3BB34 /* Resources */,
			);
			buildRules = (
			);
			dependencies = (
			);
			name = "I am Rich";
			productName = "I am Rich";
			productReference = DFDAFEEB27894FD300B3BB34 /* I am Rich.app */;
			productType = "com.apple.product-type.application";
		};
		DFDAFF0027894FD400B3BB34 /* I am RichTests */ = {
			isa = PBXNativeTarget;
			buildConfigurationList = DFDAFF1827894FD400B3BB34 /* Build configuration list for PBXNativeTarget "I am RichTests" */;
			buildPhases = (
				DFDAFEFD27894FD400B3BB34 /* Sources */,
				DFDAFEFE27894FD400B3BB34 /* Frameworks */,
				DFDAFEFF27894FD400B3BB34 /* Resources */,
			);
			buildRules = (
			);
			dependencies = (
				DFDAFF0327894FD400B3BB34 /* PBXTargetDependency */,
			);
			name = "I am RichTests";
			productName = "I am RichTests";
			productReference = DFDAFF0127894FD400B3BB34 /* I am RichTests.xctest */;
			productType = "com.apple.product-type.bundle.unit-test";
		};
		DFDAFF0A27894FD400B3BB34 /* I am RichUITests */ = {
			isa = PBXNativeTarget;
			buildConfigurationList = DFDAFF1B27894FD400B3BB34 /* Build configuration list for PBXNativeTarget "I am RichUITests" */;
			buildPhases = (
				DFDAFF0727894FD400B3BB34 /* Sources */,
				DFDAFF0827894FD400B3BB34 /* Frameworks */,
				DFDAFF0927894FD400B3BB34 /* Resources */,
			);
			buildRules = (
			);
			dependencies = (
				DFDAFF0D27894FD400B3BB34 /* PBXTargetDependency */,
			);
			name = "I am RichUITests";
			productName = "I am RichUITests";
			productReference = DFDAFF0B27894FD400B3BB34 /* I am RichUITests.xctest */;
			productType = "com.apple.product-type.bundle.ui-testing";
		};
/* End PBXNativeTarget section */

/* Begin PBXProject section */
		DFDAFEE327894FD300B3BB34 /* Project object */ = {
			isa = PBXProject;
			attributes = {
				BuildIndependentTargetsInParallel = 1;
				LastSwiftUpdateCheck = 1320;
				LastUpgradeCheck = 1320;
				TargetAttributes = {
					DFDAFEEA27894FD300B3BB34 = {
						CreatedOnToolsVersion = 13.2.1;
					};
					DFDAFF0027894FD400B3BB34 = {
						CreatedOnToolsVersion = 13.2.1;
						TestTargetID = DFDAFEEA27894FD300B3BB34;
					};
					DFDAFF0A27894FD400B3BB34 = {
						CreatedOnToolsVersion = 13.2.1;
						TestTargetID = DFDAFEEA27894FD300B3BB34;
					};
				};
			};
			buildConfigurationList = DFDAFEE627894FD300B3BB34 /* Build configuration list for PBXProject "I am Rich" */;
			compatibilityVersion = "Xcode 13.0";
			developmentRegion = en;
			hasScannedForEncodings = 0;
			knownRegions = (
				en,
				Base,
			);
			mainGroup = DFDAFEE227894FD300B3BB34;
			productRefGroup = DFDAFEEC27894FD300B3BB34 /* Products */;
			projectDirPath = "";
			projectRoot = "";
			targets = (
				DFDAFEEA27894FD300B3BB34 /* I am Rich */,
				DFDAFF0027894FD400B3BB34 /* I am RichTests */,
				DFDAFF0A27894FD400B3BB34 /* I am RichUITests */,
			);
		};
/* End PBXProject section */

/* Begin PBXResourcesBuildPhase section */
		DFDAFEE927894FD300B3BB34 /* Resources */ = {
			isa = PBXResourcesBuildPhase;
			buildActionMask = 2147483647;
			files = (
				DFDAFEFB27894FD300B3BB34 /* LaunchScreen.storyboard in Resources */,
				DFDAFEF827894FD300B3BB34 /* Assets.xcassets in Resources */,
				DFDAFEF627894FD300B3BB34 /* Main.storyboard in Resources */,
			);
			runOnlyForDeploymentPostprocessing = 0;
		};
		DFDAFEFF27894FD400B3BB34 /* Resources */ = {
			isa = PBXResourcesBuildPhase;
			buildActionMask = 2147483647;
			files = (
			);
			runOnlyForDeploymentPostprocessing = 0;
		};
		DFDAFF0927894FD400B3BB34 /* Resources */ = {
			isa = PBXResourcesBuildPhase;
			buildActionMask = 2147483647;
			files = (
			);
			runOnlyForDeploymentPostprocessing = 0;
		};
/* End PBXResourcesBuildPhase section */

/* Begin PBXSourcesBuildPhase section */
		DFDAFEE727894FD300B3BB34 /* Sources */ = {
			isa = PBXSourcesBuildPhase;
			buildActionMask = 2147483647;
			files = (
				DFDAFEF327894FD300B3BB34 /* ViewController.swift in Sources */,
				DFDAFEEF27894FD300B3BB34 /* AppDelegate.swift in Sources */,
				DFDAFEF127894FD300B3BB34 /* SceneDelegate.swift in Sources */,
			);
			runOnlyForDeploymentPostprocessing = 0;
		};
		DFDAFEFD27894FD400B3BB34 /* Sources */ = {
			isa = PBXSourcesBuildPhase;
			buildActionMask = 2147483647;
			files = (
				DFDAFF0627894FD400B3BB34 /* I_am_RichTests.swift in Sources */,
			);
			runOnlyForDeploymentPostprocessing = 0;
		};
		DFDAFF0727894FD400B3BB34 /* Sources */ = {
			isa = PBXSourcesBuildPhase;
			buildActionMask = 2147483647;
			files = (
				DFDAFF1227894FD400B3BB34 /* I_am_RichUITestsLaunchTests.swift in Sources */,
				DFDAFF1027894FD400B3BB34 /* I_am_RichUITests.swift in Sources */,
			);
			runOnlyForDeploymentPostprocessing = 0;
		};
/* End PBXSourcesBuildPhase section */

/* Begin PBXTargetDependency section */
		DFDAFF0327894FD400B3BB34 /* PBXTargetDependency */ = {
			isa = PBXTargetDependency;
			target = DFDAFEEA27894FD300B3BB34 /* I am Rich */;
			targetProxy = DFDAFF0227894FD400B3BB34 /* PBXContainerItemProxy */;
		};
		DFDAFF0D27894FD400B3BB34 /* PBXTargetDependency */ = {
			isa = PBXTargetDependency;
			target = DFDAFEEA27894FD300B3BB34 /* I am Rich */;
			targetProxy = DFDAFF0C27894FD400B3BB34 /* PBXContainerItemProxy */;
		};
/* End PBXTargetDependency section */

/* Begin PBXVariantGroup section */
		DFDAFEF427894FD300B3BB34 /* Main.storyboard */ = {
			isa = PBXVariantGroup;
			children = (
				DFDAFEF527894FD300B3BB34 /* Base */,
			);
			name = Main.storyboard;
			sourceTree = "<group>";
		};
		DFDAFEF927894FD300B3BB34 /* LaunchScreen.storyboard */ = {
			isa = PBXVariantGroup;
			children = (
				DFDAFEFA27894FD300B3BB34 /* Base */,
			);
			name = LaunchScreen.storyboard;
			sourceTree = "<group>";
		};
/* End PBXVariantGroup section */

/* Begin XCBuildConfiguration section */
		DFDAFF1327894FD400B3BB34 /* Debug */ = {
			isa = XCBuildConfiguration;
			buildSettings = {
				ALWAYS_SEARCH_USER_PATHS = NO;
				CLANG_ANALYZER_NONNULL = YES;
				CLANG_ANALYZER_NUMBER_OBJECT_CONVERSION = YES_AGGRESSIVE;
				CLANG_CXX_LANGUAGE_STANDARD = "gnu++17";
				CLANG_CXX_LIBRARY = "libc++";
				CLANG_ENABLE_MODULES = YES;
				CLANG_ENABLE_OBJC_ARC = YES;
				CLANG_ENABLE_OBJC_WEAK = YES;
				CLANG_WARN_BLOCK_CAPTURE_AUTORELEASING = YES;
				CLANG_WARN_BOOL_CONVERSION = YES;
				CLANG_WARN_COMMA = YES;
				CLANG_WARN_CONSTANT_CONVERSION = YES;
				CLANG_WARN_DEPRECATED_OBJC_IMPLEMENTATIONS = YES;
				CLANG_WARN_DIRECT_OBJC_ISA_USAGE = YES_ERROR;
				CLANG_WARN_DOCUMENTATION_COMMENTS = YES;
				CLANG_WARN_EMPTY_BODY = YES;
				CLANG_WARN_ENUM_CONVERSION = YES;
				CLANG_WARN_INFINITE_RECURSION = YES;
				CLANG_WARN_INT_CONVERSION = YES;
				CLANG_WARN_NON_LITERAL_NULL_CONVERSION = YES;
				CLANG_WARN_OBJC_IMPLICIT_RETAIN_SELF = YES;
				CLANG_WARN_OBJC_LITERAL_CONVERSION = YES;
				CLANG_WARN_OBJC_ROOT_CLASS = YES_ERROR;
				CLANG_WARN_QUOTED_INCLUDE_IN_FRAMEWORK_HEADER = YES;
				CLANG_WARN_RANGE_LOOP_ANALYSIS = YES;
				CLANG_WARN_STRICT_PROTOTYPES = YES;
				CLANG_WARN_SUSPICIOUS_MOVE = YES;
				CLANG_WARN_UNGUARDED_AVAILABILITY = YES_AGGRESSIVE;
				CLANG_WARN_UNREACHABLE_CODE = YES;
				CLANG_WARN__DUPLICATE_METHOD_MATCH = YES;
				COPY_PHASE_STRIP = NO;
				DEBUG_INFORMATION_FORMAT = dwarf;
				ENABLE_STRICT_OBJC_MSGSEND = YES;
				ENABLE_TESTABILITY = YES;
				GCC_C_LANGUAGE_STANDARD = gnu11;
				GCC_DYNAMIC_NO_PIC = NO;
				GCC_NO_COMMON_BLOCKS = YES;
				GCC_OPTIMIZATION_LEVEL = 0;
				GCC_PREPROCESSOR_DEFINITIONS = (
					"DEBUG=1",
					"$(inherited)",
				);
				GCC_WARN_64_TO_32_BIT_CONVERSION = YES;
				GCC_WARN_ABOUT_RETURN_TYPE = YES_ERROR;
				GCC_WARN_UNDECLARED_SELECTOR = YES;
				GCC_WARN_UNINITIALIZED_AUTOS = YES_AGGRESSIVE;
				GCC_WARN_UNUSED_FUNCTION = YES;
				GCC_WARN_UNUSED_VARIABLE = YES;
				IPHONEOS_DEPLOYMENT_TARGET = 15.2;
				MTL_ENABLE_DEBUG_INFO = INCLUDE_SOURCE;
				MTL_FAST_MATH = YES;
				ONLY_ACTIVE_ARCH = YES;
				SDKROOT = iphoneos;
				SWIFT_ACTIVE_COMPILATION_CONDITIONS = DEBUG;
				SWIFT_OPTIMIZATION_LEVEL = "-Onone";
			};
			name = Debug;
		};
		DFDAFF1427894FD400B3BB34 /* Release */ = {
			isa = XCBuildConfiguration;
			buildSettings = {
				ALWAYS_SEARCH_USER_PATHS = NO;
				CLANG_ANALYZER_NONNULL = YES;
				CLANG_ANALYZER_NUMBER_OBJECT_CONVERSION = YES_AGGRESSIVE;
				CLANG_CXX_LANGUAGE_STANDARD = "gnu++17";
				CLANG_CXX_LIBRARY = "libc++";
				CLANG_ENABLE_MODULES = YES;
				CLANG_ENABLE_OBJC_ARC = YES;
				CLANG_ENABLE_OBJC_WEAK = YES;
				CLANG_WARN_BLOCK_CAPTURE_AUTORELEASING = YES;
				CLANG_WARN_BOOL_CONVERSION = YES;
				CLANG_WARN_COMMA = YES;
				CLANG_WARN_CONSTANT_CONVERSION = YES;
				CLANG_WARN_DEPRECATED_OBJC_IMPLEMENTATIONS = YES;
				CLANG_WARN_DIRECT_OBJC_ISA_USAGE = YES_ERROR;
				CLANG_WARN_DOCUMENTATION_COMMENTS = YES;
				CLANG_WARN_EMPTY_BODY = YES;
				CLANG_WARN_ENUM_CONVERSION = YES;
				CLANG_WARN_INFINITE_RECURSION = YES;
				CLANG_WARN_INT_CONVERSION = YES;
				CLANG_WARN_NON_LITERAL_NULL_CONVERSION = YES;
				CLANG_WARN_OBJC_IMPLICIT_RETAIN_SELF = YES;
				CLANG_WARN_OBJC_LITERAL_CONVERSION = YES;
				CLANG_WARN_OBJC_ROOT_CLASS = YES_ERROR;
				CLANG_WARN_QUOTED_INCLUDE_IN_FRAMEWORK_HEADER = YES;
				CLANG_WARN_RANGE_LOOP_ANALYSIS = YES;
				CLANG_WARN_STRICT_PROTOTYPES = YES;
				CLANG_WARN_SUSPICIOUS_MOVE = YES;
				CLANG_WARN_UNGUARDED_AVAILABILITY = YES_AGGRESSIVE;
				CLANG_WARN_UNREACHABLE_CODE = YES;
				CLANG_WARN__DUPLICATE_METHOD_MATCH = YES;
				COPY_PHASE_STRIP = NO;
				DEBUG_INFORMATION_FORMAT = "dwarf-with-dsym";
				ENABLE_NS_ASSERTIONS = NO;
				ENABLE_STRICT_OBJC_MSGSEND = YES;
				GCC_C_LANGUAGE_STANDARD = gnu11;
				GCC_NO_COMMON_BLOCKS = YES;
				GCC_WARN_64_TO_32_BIT_CONVERSION = YES;
				GCC_WARN_ABOUT_RETURN_TYPE = YES_ERROR;
				GCC_WARN_UNDECLARED_SELECTOR = YES;
				GCC_WARN_UNINITIALIZED_AUTOS = YES_AGGRESSIVE;
				GCC_WARN_UNUSED_FUNCTION = YES;
				GCC_WARN_UNUSED_VARIABLE = YES;
				IPHONEOS_DEPLOYMENT_TARGET = 15.2;
				MTL_ENABLE_DEBUG_INFO = NO;
				MTL_FAST_MATH = YES;
				SDKROOT = iphoneos;
				SWIFT_COMPILATION_MODE = wholemodule;
				SWIFT_OPTIMIZATION_LEVEL = "-O";
				VALIDATE_PRODUCT = YES;
			};
			name = Release;
		};
		DFDAFF1627894FD400B3BB34 /* Debug */ = {
			isa = XCBuildConfiguration;
			buildSettings = {
				ASSETCATALOG_COMPILER_APPICON_NAME = AppIcon;
				ASSETCATALOG_COMPILER_GLOBAL_ACCENT_COLOR_NAME = AccentColor;
				CODE_SIGN_STYLE = Automatic;
				CURRENT_PROJECT_VERSION = 1;
				DEVELOPMENT_TEAM = 6GU4BHTB58;
				GENERATE_INFOPLIST_FILE = YES;
				INFOPLIST_FILE = "I am Rich/Info.plist";
				INFOPLIST_KEY_UIApplicationSupportsIndirectInputEvents = YES;
				INFOPLIST_KEY_UILaunchStoryboardName = LaunchScreen;
				INFOPLIST_KEY_UIMainStoryboardFile = Main;
				INFOPLIST_KEY_UISupportedInterfaceOrientations = "UIInterfaceOrientationPortrait UIInterfaceOrientationLandscapeRight UIInterfaceOrientationLandscapeLeft";
				INFOPLIST_KEY_UISupportedInterfaceOrientations_iPad = "UIInterfaceOrientationPortrait UIInterfaceOrientationPortraitUpsideDown UIInterfaceOrientationLandscapeLeft UIInterfaceOrientationLandscapeRight";
				INFOPLIST_KEY_UISupportedInterfaceOrientations_iPhone = "UIInterfaceOrientationPortrait UIInterfaceOrientationLandscapeLeft UIInterfaceOrientationLandscapeRight";
				LD_RUNPATH_SEARCH_PATHS = (
					"$(inherited)",
					"@executable_path/Frameworks",
				);
				MARKETING_VERSION = 1.0;
				PRODUCT_BUNDLE_IDENTIFIER = "com.kunal.kariwala.I-am-Rich";
				PRODUCT_NAME = "$(TARGET_NAME)";
				SWIFT_EMIT_LOC_STRINGS = YES;
				SWIFT_VERSION = 5.0;
				TARGETED_DEVICE_FAMILY = "1,2";
			};
			name = Debug;
		};
		DFDAFF1727894FD400B3BB34 /* Release */ = {
			isa = XCBuildConfiguration;
			buildSettings = {
				ASSETCATALOG_COMPILER_APPICON_NAME = AppIcon;
				ASSETCATALOG_COMPILER_GLOBAL_ACCENT_COLOR_NAME = AccentColor;
				CODE_SIGN_STYLE = Automatic;
				CURRENT_PROJECT_VERSION = 1;
				DEVELOPMENT_TEAM = 6GU4BHTB58;
				GENERATE_INFOPLIST_FILE = YES;
				INFOPLIST_FILE = "I am Rich/Info.plist";
				INFOPLIST_KEY_UIApplicationSupportsIndirectInputEvents = YES;
				INFOPLIST_KEY_UILaunchStoryboardName = LaunchScreen;
				INFOPLIST_KEY_UIMainStoryboardFile = Main;
				INFOPLIST_KEY_UISupportedInterfaceOrientations = "UIInterfaceOrientationPortrait UIInterfaceOrientationLandscapeRight UIInterfaceOrientationLandscapeLeft";
				INFOPLIST_KEY_UISupportedInterfaceOrientations_iPad = "UIInterfaceOrientationPortrait UIInterfaceOrientationPortraitUpsideDown UIInterfaceOrientationLandscapeLeft UIInterfaceOrientationLandscapeRight";
				INFOPLIST_KEY_UISupportedInterfaceOrientations_iPhone = "UIInterfaceOrientationPortrait UIInterfaceOrientationLandscapeLeft UIInterfaceOrientationLandscapeRight";
				LD_RUNPATH_SEARCH_PATHS = (
					"$(inherited)",
					"@executable_path/Frameworks",
				);
				MARKETING_VERSION = 1.0;
				PRODUCT_BUNDLE_IDENTIFIER = "com.kunal.kariwala.I-am-Rich";
				PRODUCT_NAME = "$(TARGET_NAME)";
				SWIFT_EMIT_LOC_STRINGS = YES;
				SWIFT_VERSION = 5.0;
				TARGETED_DEVICE_FAMILY = "1,2";
			};
			name = Release;
		};
		DFDAFF1927894FD400B3BB34 /* Debug */ = {
			isa = XCBuildConfiguration;
			buildSettings = {
				ALWAYS_EMBED_SWIFT_STANDARD_LIBRARIES = YES;
				BUNDLE_LOADER = "$(TEST_HOST)";
				CODE_SIGN_STYLE = Automatic;
				CURRENT_PROJECT_VERSION = 1;
				GENERATE_INFOPLIST_FILE = YES;
				IPHONEOS_DEPLOYMENT_TARGET = 15.2;
				MARKETING_VERSION = 1.0;
				PRODUCT_BUNDLE_IDENTIFIER = "com.kunal.kariwala.I-am-RichTests";
				PRODUCT_NAME = "$(TARGET_NAME)";
				SWIFT_EMIT_LOC_STRINGS = NO;
				SWIFT_VERSION = 5.0;
				TARGETED_DEVICE_FAMILY = "1,2";
				TEST_HOST = "$(BUILT_PRODUCTS_DIR)/I am Rich.app/I am Rich";
			};
			name = Debug;
		};
		DFDAFF1A27894FD400B3BB34 /* Release */ = {
			isa = XCBuildConfiguration;
			buildSettings = {
				ALWAYS_EMBED_SWIFT_STANDARD_LIBRARIES = YES;
				BUNDLE_LOADER = "$(TEST_HOST)";
				CODE_SIGN_STYLE = Automatic;
				CURRENT_PROJECT_VERSION = 1;
				GENERATE_INFOPLIST_FILE = YES;
				IPHONEOS_DEPLOYMENT_TARGET = 15.2;
				MARKETING_VERSION = 1.0;
				PRODUCT_BUNDLE_IDENTIFIER = "com.kunal.kariwala.I-am-RichTests";
				PRODUCT_NAME = "$(TARGET_NAME)";
				SWIFT_EMIT_LOC_STRINGS = NO;
				SWIFT_VERSION = 5.0;
				TARGETED_DEVICE_FAMILY = "1,2";
				TEST_HOST = "$(BUILT_PRODUCTS_DIR)/I am Rich.app/I am Rich";
			};
			name = Release;
		};
		DFDAFF1C27894FD400B3BB34 /* Debug */ = {
			isa = XCBuildConfiguration;
			buildSettings = {
				ALWAYS_EMBED_SWIFT_STANDARD_LIBRARIES = YES;
				CODE_SIGN_STYLE = Automatic;
				CURRENT_PROJECT_VERSION = 1;
				GENERATE_INFOPLIST_FILE = YES;
				MARKETING_VERSION = 1.0;
				PRODUCT_BUNDLE_IDENTIFIER = "com.kunal.kariwala.I-am-RichUITests";
				PRODUCT_NAME = "$(TARGET_NAME)";
				SWIFT_EMIT_LOC_STRINGS = NO;
				SWIFT_VERSION = 5.0;
				TARGETED_DEVICE_FAMILY = "1,2";
				TEST_TARGET_NAME = "I am Rich";
			};
			name = Debug;
		};
		DFDAFF1D27894FD400B3BB34 /* Release */ = {
			isa = XCBuildConfiguration;
			buildSettings = {
				ALWAYS_EMBED_SWIFT_STANDARD_LIBRARIES = YES;
				CODE_SIGN_STYLE = Automatic;
				CURRENT_PROJECT_VERSION = 1;
				GENERATE_INFOPLIST_FILE = YES;
				MARKETING_VERSION = 1.0;
				PRODUCT_BUNDLE_IDENTIFIER = "com.kunal.kariwala.I-am-RichUITests";
				PRODUCT_NAME = "$(TARGET_NAME)";
				SWIFT_EMIT_LOC_STRINGS = NO;
				SWIFT_VERSION = 5.0;
				TARGETED_DEVICE_FAMILY = "1,2";
				TEST_TARGET_NAME = "I am Rich";
			};
			name = Release;
		};
/* End XCBuildConfiguration section */

/* Begin XCConfigurationList section */
		DFDAFEE627894FD300B3BB34 /* Build configuration list for PBXProject "I am Rich" */ = {
			isa = XCConfigurationList;
			buildConfigurations = (
				DFDAFF1327894FD400B3BB34 /* Debug */,
				DFDAFF1427894FD400B3BB34 /* Release */,
			);
			defaultConfigurationIsVisible = 0;
			defaultConfigurationName = Release;
		};
		DFDAFF1527894FD400B3BB34 /* Build configuration list for PBXNativeTarget "I am Rich" */ = {
			isa = XCConfigurationList;
			buildConfigurations = (
				DFDAFF1627894FD400B3BB34 /* Debug */,
				DFDAFF1727894FD400B3BB34 /* Release */,
			);
			defaultConfigurationIsVisible = 0;
			defaultConfigurationName = Release;
		};
		DFDAFF1827894FD400B3BB34 /* Build configuration list for PBXNativeTarget "I am RichTests" */ = {
			isa = XCConfigurationList;
			buildConfigurations = (
				DFDAFF1927894FD400B3BB34 /* Debug */,
				DFDAFF1A27894FD400B3BB34 /* Release */,
			);
			defaultConfigurationIsVisible = 0;
			defaultConfigurationName = Release;
		};
		DFDAFF1B27894FD400B3BB34 /* Build configuration list for PBXNativeTarget "I am RichUITests" */ = {
			isa = XCConfigurationList;
			buildConfigurations = (
				DFDAFF1C27894FD400B3BB34 /* Debug */,
				DFDAFF1D27894FD400B3BB34 /* Release */,
			);
			defaultConfigurationIsVisible = 0;
			defaultConfigurationName = Release;
		};
/* End XCConfigurationList section */
	};
	rootObject = DFDAFEE327894FD300B3BB34 /* Project object */;
}
